
Microsoft Visual Studio Solution File, Format Version 12.00
# Visual Studio Version 17
VisualStudioVersion = 17.12.35506.116 d17.12
MinimumVisualStudioVersion = 10.0.40219.1
Project("{FAE04EC0-301F-11D3-BF4B-00C04F79EFBC}") = "Eticaret.WebUI", "Eticaret.WebUI\Eticaret.WebUI.csproj", "{BA99C6BC-6550-4B14-A134-D8ED3869FB3C}"
EndProject
Project("{FAE04EC0-301F-11D3-BF4B-00C04F79EFBC}") = "Eticaret.Core", "Eticaret.Core\Eticaret.Core.csproj", "{684B888E-848D-4898-9F05-17DF7BA369F8}"
EndProject
Project("{FAE04EC0-301F-11D3-BF4B-00C04F79EFBC}") = "Eticaret.Data", "Eticaret.Data\Eticaret.Data.csproj", "{A23B5E6A-A70B-4842-888E-0D148D7317BF}"
EndProject
Project("{FAE04EC0-301F-11D3-BF4B-00C04F79EFBC}") = "Eticaret.Service", "Eticaret.Service\Eticaret.Service.csproj", "{EEACF784-24FF-4BEB-8BE2-25CAA768CDEB}"
EndProject
Global
	GlobalSection(SolutionConfigurationPlatforms) = preSolution
		Debug|Any CPU = Debug|Any CPU
		Release|Any CPU = Release|Any CPU
	EndGlobalSection
	GlobalSection(ProjectConfigurationPlatforms) = postSolution
		{BA99C6BC-6550-4B14-A134-D8ED3869FB3C}.Debug|Any CPU.ActiveCfg = Debug|Any CPU
		{BA99C6BC-6550-4B14-A134-D8ED3869FB3C}.Debug|Any CPU.Build.0 = Debug|Any CPU
		{BA99C6BC-6550-4B14-A134-D8ED3869FB3C}.Release|Any CPU.ActiveCfg = Release|Any CPU
		{BA99C6BC-6550-4B14-A134-D8ED3869FB3C}.Release|Any CPU.Build.0 = Release|Any CPU
		{684B888E-848D-4898-9F05-17DF7BA369F8}.Debug|Any CPU.ActiveCfg = Debug|Any CPU
		{684B888E-848D-4898-9F05-17DF7BA369F8}.Debug|Any CPU.Build.0 = Debug|Any CPU
		{684B888E-848D-4898-9F05-17DF7BA369F8}.Release|Any CPU.ActiveCfg = Release|Any CPU
		{684B888E-848D-4898-9F05-17DF7BA369F8}.Release|Any CPU.Build.0 = Release|Any CPU
		{A23B5E6A-A70B-4842-888E-0D148D7317BF}.Debug|Any CPU.ActiveCfg = Debug|Any CPU
		{A23B5E6A-A70B-4842-888E-0D148D7317BF}.Debug|Any CPU.Build.0 = Debug|Any CPU
		{A23B5E6A-A70B-4842-888E-0D148D7317BF}.Release|Any CPU.ActiveCfg = Release|Any CPU
		{A23B5E6A-A70B-4842-888E-0D148D7317BF}.Release|Any CPU.Build.0 = Release|Any CPU
		{EEACF784-24FF-4BEB-8BE2-25CAA768CDEB}.Debug|Any CPU.ActiveCfg = Debug|Any CPU
		{EEACF784-24FF-4BEB-8BE2-25CAA768CDEB}.Debug|Any CPU.Build.0 = Debug|Any CPU
		{EEACF784-24FF-4BEB-8BE2-25CAA768CDEB}.Release|Any CPU.ActiveCfg = Release|Any CPU
		{EEACF784-24FF-4BEB-8BE2-25CAA768CDEB}.Release|Any CPU.Build.0 = Release|Any CPU
	EndGlobalSection
	GlobalSection(SolutionProperties) = preSolution
		HideSolutionNode = FALSE
	EndGlobalSection
EndGlobal
